dependencies:
- name: minio
  repository: https://charts.min.io/
  version: 4.0.15
- name: grafana-agent-operator
  repository: https://grafana.github.io/helm-charts
  version: 0.3.15
- name: rollout-operator
  repository: https://grafana.github.io/helm-charts
  version: 0.18.0
digest: sha256:0d537f62654f8628463259ad6869c2f2bb992595491caba69ade54dcbf579127
generated: "2024-11-01T15:37:20.955353477Z"
